// !$*UTF8*$!
{
	archiveVersion = 1;
	classes = {
	};
	objectVersion = 46;
	objects = {

/* Begin PBXBuildFile section */
		8FD533C02720F25CA9E09D9D /* libPods-FItBodyUser.a in Frameworks */ = {isa = PBXBuildFile; fileRef = B9B285C9AA5078F9A9B857F3 /* libPods-FItBodyUser.a */; };
		B506AE4F1E7534C800B39731 /* ZZQCityButton.m in Sources */ = {isa = PBXBuildFile; fileRef = B506AE4E1E7534C800B39731 /* ZZQCityButton.m */; };
		B506AE521E75472200B39731 /* ZZQNetAlertView.m in Sources */ = {isa = PBXBuildFile; fileRef = B506AE511E75472200B39731 /* ZZQNetAlertView.m */; };
		B56D8ACD1E755B97000085E6 /* ZZQNoOnlineView.m in Sources */ = {isa = PBXBuildFile; fileRef = B56D8ACC1E755B97000085E6 /* ZZQNoOnlineView.m */; };
		B56D8AD01E755BA8000085E6 /* ZZQNoNetView.m in Sources */ = {isa = PBXBuildFile; fileRef = B56D8ACF1E755BA8000085E6 /* ZZQNoNetView.m */; };
		B56D8AD31E76E230000085E6 /* ZZQCitysViewController.m in Sources */ = {isa = PBXBuildFile; fileRef = B56D8AD21E76E230000085E6 /* ZZQCitysViewController.m */; };
		B56D8AD61E76E336000085E6 /* ZZQSearchViewController.m in Sources */ = {isa = PBXBuildFile; fileRef = B56D8AD51E76E336000085E6 /* ZZQSearchViewController.m */; };
		B56D8AD91E78062E000085E6 /* ZZQHeaderView.m in Sources */ = {isa = PBXBuildFile; fileRef = B56D8AD81E78062E000085E6 /* ZZQHeaderView.m */; };
		B56D8AF11E7816E1000085E6 /* DINSchrift.ttf in Resources */ = {isa = PBXBuildFile; fileRef = B56D8AEA1E7816E1000085E6 /* DINSchrift.ttf */; };
		B56D8AF21E7816E1000085E6 /* 华文宋体 Block.ttf in Resources */ = {isa = PBXBuildFile; fileRef = B56D8AEB1E7816E1000085E6 /* 华文宋体 Block.ttf */; };
		B56D8AF31E7816E1000085E6 /* 方正兰亭纤黑简体.TTF in Resources */ = {isa = PBXBuildFile; fileRef = B56D8AEC1E7816E1000085E6 /* 方正兰亭纤黑简体.TTF */; };
		B56D8AF41E7816E1000085E6 /* 汉仪中秀体简.ttf in Resources */ = {isa = PBXBuildFile; fileRef = B56D8AED1E7816E1000085E6 /* 汉仪中秀体简.ttf */; };
		B56D8AF51E7816E1000085E6 /* 汉仪全唐诗简.ttf in Resources */ = {isa = PBXBuildFile; fileRef = B56D8AEE1E7816E1000085E6 /* 汉仪全唐诗简.ttf */; };
		B56D8AF61E7816E1000085E6 /* 汉仪劲楷简.ttf in Resources */ = {isa = PBXBuildFile; fileRef = B56D8AEF1E7816E1000085E6 /* 汉仪劲楷简.ttf */; };
		B56D8AF71E7816E1000085E6 /* 汉仪清雅体简.ttf in Resources */ = {isa = PBXBuildFile; fileRef = B56D8AF01E7816E1000085E6 /* 汉仪清雅体简.ttf */; };
		B56D8AFA1E781EEA000085E6 /* ZZQMeTableViewCell.m in Sources */ = {isa = PBXBuildFile; fileRef = B56D8AF91E781EEA000085E6 /* ZZQMeTableViewCell.m */; };
		B56D8AFD1E7830F5000085E6 /* ZZQMeCellButton.m in Sources */ = {isa = PBXBuildFile; fileRef = B56D8AFC1E7830F5000085E6 /* ZZQMeCellButton.m */; };
		B56D8B041E7844B7000085E6 /* ZZQDoingViewController.m in Sources */ = {isa = PBXBuildFile; fileRef = B56D8B031E7844B7000085E6 /* ZZQDoingViewController.m */; };
		B56D8B071E7844CD000085E6 /* ZZQNoCommentsViewController.m in Sources */ = {isa = PBXBuildFile; fileRef = B56D8B061E7844CD000085E6 /* ZZQNoCommentsViewController.m */; };
		B56D8B0A1E7844DB000085E6 /* ZZQAlreadyViewController.m in Sources */ = {isa = PBXBuildFile; fileRef = B56D8B091E7844DB000085E6 /* ZZQAlreadyViewController.m */; };
		B56D8B0D1E794F8F000085E6 /* ZZQEditMeViewController.m in Sources */ = {isa = PBXBuildFile; fileRef = B56D8B0C1E794F8F000085E6 /* ZZQEditMeViewController.m */; };
		B56D8B171E7961F9000085E6 /* ZZQLoginViewController.m in Sources */ = {isa = PBXBuildFile; fileRef = B56D8B161E7961F9000085E6 /* ZZQLoginViewController.m */; };
		B56D8B1D1E7965E7000085E6 /* ZZQClearCacheView.m in Sources */ = {isa = PBXBuildFile; fileRef = B56D8B1C1E7965E7000085E6 /* ZZQClearCacheView.m */; };
		B56D8B231E797BEC000085E6 /* MOBFoundation.framework in Frameworks */ = {isa = PBXBuildFile; fileRef = B56D8B201E797BEC000085E6 /* MOBFoundation.framework */; };
		B56D8B241E797BEC000085E6 /* MOBFoundationEx.framework in Frameworks */ = {isa = PBXBuildFile; fileRef = B56D8B211E797BEC000085E6 /* MOBFoundationEx.framework */; };
		B56D8B251E797BEC000085E6 /* SMS_SDK.framework in Frameworks */ = {isa = PBXBuildFile; fileRef = B56D8B221E797BEC000085E6 /* SMS_SDK.framework */; };
		B56D8B271E797DD3000085E6 /* libz.tbd in Frameworks */ = {isa = PBXBuildFile; fileRef = B56D8B261E797DD3000085E6 /* libz.tbd */; };
		B56D8B291E797E14000085E6 /* libicucore.tbd in Frameworks */ = {isa = PBXBuildFile; fileRef = B56D8B281E797E14000085E6 /* libicucore.tbd */; };
		B56D8B2B1E797E22000085E6 /* MessageUI.framework in Frameworks */ = {isa = PBXBuildFile; fileRef = B56D8B2A1E797E22000085E6 /* MessageUI.framework */; };
		B56D8B2D1E797E2E000085E6 /* JavaScriptCore.framework in Frameworks */ = {isa = PBXBuildFile; fileRef = B56D8B2C1E797E2E000085E6 /* JavaScriptCore.framework */; };
		B56D8B2F1E797E3C000085E6 /* libstdc++.tbd in Frameworks */ = {isa = PBXBuildFile; fileRef = B56D8B2E1E797E3C000085E6 /* libstdc++.tbd */; };
		B56D8B321E79827B000085E6 /* ZZQPwdLoginViewController.m in Sources */ = {isa = PBXBuildFile; fileRef = B56D8B311E79827B000085E6 /* ZZQPwdLoginViewController.m */; };
		B56D8B351E7AD3CA000085E6 /* ZZQHeaderPicView.m in Sources */ = {isa = PBXBuildFile; fileRef = B56D8B341E7AD3CA000085E6 /* ZZQHeaderPicView.m */; };
		B56D8B381E7ADE14000085E6 /* ZZQEditMeTableViewCell.m in Sources */ = {isa = PBXBuildFile; fileRef = B56D8B371E7ADE14000085E6 /* ZZQEditMeTableViewCell.m */; };
		B56D8B3B1E814A92000085E6 /* ZZQSettingSexView.m in Sources */ = {isa = PBXBuildFile; fileRef = B56D8B3A1E814A92000085E6 /* ZZQSettingSexView.m */; };
		B56D8B3E1E814C5C000085E6 /* ZZQSexBtn.m in Sources */ = {isa = PBXBuildFile; fileRef = B56D8B3D1E814C5C000085E6 /* ZZQSexBtn.m */; };
		B57070A41E864AAB003DE3F8 /* ZZQNickNameView.m in Sources */ = {isa = PBXBuildFile; fileRef = B57070A31E864AAB003DE3F8 /* ZZQNickNameView.m */; };
		B57070AA1E865D3A003DE3F8 /* ZZQAgeGroup.m in Sources */ = {isa = PBXBuildFile; fileRef = B57070A91E865D3A003DE3F8 /* ZZQAgeGroup.m */; };
		B57070AD1E866040003DE3F8 /* ZZQAgeGroupTableViewCell.m in Sources */ = {isa = PBXBuildFile; fileRef = B57070AC1E866040003DE3F8 /* ZZQAgeGroupTableViewCell.m */; };
		B570724C1E9398A1003DE3F8 /* ZZQHomeHeaderView.m in Sources */ = {isa = PBXBuildFile; fileRef = B570724B1E9398A1003DE3F8 /* ZZQHomeHeaderView.m */; };
		B570724F1E9398B3003DE3F8 /* ZZQHomeTableViewCell.m in Sources */ = {isa = PBXBuildFile; fileRef = B570724E1E9398B3003DE3F8 /* ZZQHomeTableViewCell.m */; };
		B57072521E9398F9003DE3F8 /* ZZQMenu.m in Sources */ = {isa = PBXBuildFile; fileRef = B57072511E9398F9003DE3F8 /* ZZQMenu.m */; };
		B57072551E93990A003DE3F8 /* ZZQHot.m in Sources */ = {isa = PBXBuildFile; fileRef = B57072541E93990A003DE3F8 /* ZZQHot.m */; };
		B570725B1E939B63003DE3F8 /* ProgressHUD.bundle in Resources */ = {isa = PBXBuildFile; fileRef = B57072581E939B63003DE3F8 /* ProgressHUD.bundle */; };
		B570725C1E939B63003DE3F8 /* ProgressHUD.m in Sources */ = {isa = PBXBuildFile; fileRef = B570725A1E939B63003DE3F8 /* ProgressHUD.m */; };
		B570725F1E96684E003DE3F8 /* ZZQMerchant.m in Sources */ = {isa = PBXBuildFile; fileRef = B570725E1E96684E003DE3F8 /* ZZQMerchant.m */; };
		B570726A1E99C3B1003DE3F8 /* ZZQMerchantDetailViewController.m in Sources */ = {isa = PBXBuildFile; fileRef = B57072691E99C3B1003DE3F8 /* ZZQMerchantDetailViewController.m */; };
		B570726D1E99D086003DE3F8 /* ZZQMerchantDetailTableViewCell.m in Sources */ = {isa = PBXBuildFile; fileRef = B570726C1E99D086003DE3F8 /* ZZQMerchantDetailTableViewCell.m */; };
		B57072701E99D702003DE3F8 /* ZZQSectionHeaderView.m in Sources */ = {isa = PBXBuildFile; fileRef = B570726F1E99D702003DE3F8 /* ZZQSectionHeaderView.m */; };
		B57072731E99D711003DE3F8 /* ZZQMerchantHeaderView.m in Sources */ = {isa = PBXBuildFile; fileRef = B57072721E99D711003DE3F8 /* ZZQMerchantHeaderView.m */; };
		B57072761E99EC51003DE3F8 /* ZZQFooterView.m in Sources */ = {isa = PBXBuildFile; fileRef = B57072751E99EC51003DE3F8 /* ZZQFooterView.m */; };
		B57072791E9BCB28003DE3F8 /* ZZQComments.m in Sources */ = {isa = PBXBuildFile; fileRef = B57072781E9BCB28003DE3F8 /* ZZQComments.m */; };
		B570727C1E9BD133003DE3F8 /* ZZQCommentsTableViewCell.m in Sources */ = {isa = PBXBuildFile; fileRef = B570727B1E9BD133003DE3F8 /* ZZQCommentsTableViewCell.m */; };
		B570727F1E9E5ACE003DE3F8 /* ZZQFavouriteBtn.m in Sources */ = {isa = PBXBuildFile; fileRef = B570727E1E9E5ACE003DE3F8 /* ZZQFavouriteBtn.m */; };
		B57072821EA35238003DE3F8 /* ZZQAddressViewController.m in Sources */ = {isa = PBXBuildFile; fileRef = B57072811EA35238003DE3F8 /* ZZQAddressViewController.m */; };
		B57072851EA35253003DE3F8 /* ZZQFavouriteViewController.m in Sources */ = {isa = PBXBuildFile; fileRef = B57072841EA35253003DE3F8 /* ZZQFavouriteViewController.m */; };
		B57072881EA35267003DE3F8 /* ZZQCommentViewController.m in Sources */ = {isa = PBXBuildFile; fileRef = B57072871EA35267003DE3F8 /* ZZQCommentViewController.m */; };
		B570728B1EA38F90003DE3F8 /* ZZQAddressTableViewCell.m in Sources */ = {isa = PBXBuildFile; fileRef = B570728A1EA38F8F003DE3F8 /* ZZQAddressTableViewCell.m */; };
		B570728E1EA3901A003DE3F8 /* ZZQAddress.m in Sources */ = {isa = PBXBuildFile; fileRef = B570728D1EA3901A003DE3F8 /* ZZQAddress.m */; };
		B57072911EA3AAFA003DE3F8 /* ZZQAddNewAddressBtnView.m in Sources */ = {isa = PBXBuildFile; fileRef = B57072901EA3AAFA003DE3F8 /* ZZQAddNewAddressBtnView.m */; };
		B57072941EA3B1C9003DE3F8 /* ZZQAddNewAddressViewController.m in Sources */ = {isa = PBXBuildFile; fileRef = B57072931EA3B1C9003DE3F8 /* ZZQAddNewAddressViewController.m */; };
		B57072971EA66586003DE3F8 /* ZZQCity.m in Sources */ = {isa = PBXBuildFile; fileRef = B57072961EA66586003DE3F8 /* ZZQCity.m */; };
		B570729A1EA79676003DE3F8 /* ZZQSearchTableViewCell.m in Sources */ = {isa = PBXBuildFile; fileRef = B57072991EA79676003DE3F8 /* ZZQSearchTableViewCell.m */; };
		B58FB3221EAA2691005D3395 /* ZZQOrder.m in Sources */ = {isa = PBXBuildFile; fileRef = B58FB3211EAA2691005D3395 /* ZZQOrder.m */; };
		B58FB3251EAE2002005D3395 /* ZZQOrders.m in Sources */ = {isa = PBXBuildFile; fileRef = B58FB3241EAE2002005D3395 /* ZZQOrders.m */; };
		B58FB3281EAE20E5005D3395 /* ZZQOrderTemp.m in Sources */ = {isa = PBXBuildFile; fileRef = B58FB3271EAE20E5005D3395 /* ZZQOrderTemp.m */; };
		B5B4FA4E1E6BF7DD0020D9B6 /* main.m in Sources */ = {isa = PBXBuildFile; fileRef = B5B4FA4D1E6BF7DD0020D9B6 /* main.m */; };
		B5B4FA591E6BF7DD0020D9B6 /* Assets.xcassets in Resources */ = {isa = PBXBuildFile; fileRef = B5B4FA581E6BF7DD0020D9B6 /* Assets.xcassets */; };
		B5B4FA5C1E6BF7DD0020D9B6 /* LaunchScreen.storyboard in Resources */ = {isa = PBXBuildFile; fileRef = B5B4FA5A1E6BF7DD0020D9B6 /* LaunchScreen.storyboard */; };
		B5B4FA801E73FC540020D9B6 /* AppDelegate.m in Sources */ = {isa = PBXBuildFile; fileRef = B5B4FA7B1E73FC540020D9B6 /* AppDelegate.m */; };
		B5B4FA841E7402BE0020D9B6 /* ZZQBaseTabBar.m in Sources */ = {isa = PBXBuildFile; fileRef = B5B4FA831E7402BE0020D9B6 /* ZZQBaseTabBar.m */; };
		B5B4FA8E1E7407000020D9B6 /* ZZQTabBarViewController.m in Sources */ = {isa = PBXBuildFile; fileRef = B5B4FA8D1E7407000020D9B6 /* ZZQTabBarViewController.m */; };
		B5B4FA911E74070F0020D9B6 /* ZZQBaseViewController.m in Sources */ = {isa = PBXBuildFile; fileRef = B5B4FA901E74070F0020D9B6 /* ZZQBaseViewController.m */; };
		B5B4FA941E740BD40020D9B6 /* ZZQBaseNavViewController.m in Sources */ = {isa = PBXBuildFile; fileRef = B5B4FA931E740BD40020D9B6 /* ZZQBaseNavViewController.m */; };
		B5B4FA971E74D50A0020D9B6 /* ZZQHomeViewController.m in Sources */ = {isa = PBXBuildFile; fileRef = B5B4FA961E74D50A0020D9B6 /* ZZQHomeViewController.m */; };
		B5B4FA9A1E74D51A0020D9B6 /* ZZQMeViewController.m in Sources */ = {isa = PBXBuildFile; fileRef = B5B4FA991E74D51A0020D9B6 /* ZZQMeViewController.m */; };
		B5B4FA9D1E74D5360020D9B6 /* ZZQOrderViewController.m in Sources */ = {isa = PBXBuildFile; fileRef = B5B4FA9C1E74D5360020D9B6 /* ZZQOrderViewController.m */; };
/* End PBXBuildFile section */

/* Begin PBXFileReference section */
		2F1F185F020DF61A801B4B71 /* Pods-FItBodyUser.release.xcconfig */ = {isa = PBXFileReference; includeInIndex = 1; lastKnownFileType = text.xcconfig; name = "Pods-FItBodyUser.release.xcconfig"; path = "Pods/Target Support Files/Pods-FItBodyUser/Pods-FItBodyUser.release.xcconfig"; sourceTree = "<group>"; };
		56BB214572E1F85A4E0DB7D8 /* Pods-FItBodyUser.debug.xcconfig */ = {isa = PBXFileReference; includeInIndex = 1; lastKnownFileType = text.xcconfig; name = "Pods-FItBodyUser.debug.xcconfig"; path = "Pods/Target Support Files/Pods-FItBodyUser/Pods-FItBodyUser.debug.xcconfig"; sourceTree = "<group>"; };
		B506AE4D1E7534C800B39731 /* ZZQCityButton.h */ = {isa = PBXFileReference; fileEncoding = 4; lastKnownFileType = sourcecode.c.h; path = ZZQCityButton.h; sourceTree = "<group>"; };
		B506AE4E1E7534C800B39731 /* ZZQCityButton.m */ = {isa = PBXFileReference; fileEncoding = 4; lastKnownFileType = sourcecode.c.objc; path = ZZQCityButton.m; sourceTree = "<group>"; };
		B506AE501E75472200B39731 /* ZZQNetAlertView.h */ = {isa = PBXFileReference; fileEncoding = 4; lastKnownFileType = sourcecode.c.h; path = ZZQNetAlertView.h; sourceTree = "<group>"; };
		B506AE511E75472200B39731 /* ZZQNetAlertView.m */ = {isa = PBXFileReference; fileEncoding = 4; lastKnownFileType = sourcecode.c.objc; path = ZZQNetAlertView.m; sourceTree = "<group>"; };
		B56D8ACB1E755B97000085E6 /* ZZQNoOnlineView.h */ = {isa = PBXFileReference; fileEncoding = 4; lastKnownFileType = sourcecode.c.h; path = ZZQNoOnlineView.h; sourceTree = "<group>"; };
		B56D8ACC1E755B97000085E6 /* ZZQNoOnlineView.m */ = {isa = PBXFileReference; fileEncoding = 4; lastKnownFileType = sourcecode.c.objc; path = ZZQNoOnlineView.m; sourceTree = "<group>"; };
		B56D8ACE1E755BA8000085E6 /* ZZQNoNetView.h */ = {isa = PBXFileReference; fileEncoding = 4; lastKnownFileType = sourcecode.c.h; path = ZZQNoNetView.h; sourceTree = "<group>"; };
		B56D8ACF1E755BA8000085E6 /* ZZQNoNetView.m */ = {isa = PBXFileReference; fileEncoding = 4; lastKnownFileType = sourcecode.c.objc; path = ZZQNoNetView.m; sourceTree = "<group>"; };
		B56D8AD11E76E230000085E6 /* ZZQCitysViewController.h */ = {isa = PBXFileReference; fileEncoding = 4; lastKnownFileType = sourcecode.c.h; path = ZZQCitysViewController.h; sourceTree = "<group>"; };
		B56D8AD21E76E230000085E6 /* ZZQCitysViewController.m */ = {isa = PBXFileReference; fileEncoding = 4; lastKnownFileType = sourcecode.c.objc; path = ZZQCitysViewController.m; sourceTree = "<group>"; };
		B56D8AD41E76E336000085E6 /* ZZQSearchViewController.h */ = {isa = PBXFileReference; fileEncoding = 4; lastKnownFileType = sourcecode.c.h; path = ZZQSearchViewController.h; sourceTree = "<group>"; };
		B56D8AD51E76E336000085E6 /* ZZQSearchViewController.m */ = {isa = PBXFileReference; fileEncoding = 4; lastKnownFileType = sourcecode.c.objc; path = ZZQSearchViewController.m; sourceTree = "<group>"; };
		B56D8AD71E78062E000085E6 /* ZZQHeaderView.h */ = {isa = PBXFileReference; fileEncoding = 4; lastKnownFileType = sourcecode.c.h; path = ZZQHeaderView.h; sourceTree = "<group>"; };
		B56D8AD81E78062E000085E6 /* ZZQHeaderView.m */ = {isa = PBXFileReference; fileEncoding = 4; lastKnownFileType = sourcecode.c.objc; path = ZZQHeaderView.m; sourceTree = "<group>"; };
		B56D8AEA1E7816E1000085E6 /* DINSchrift.ttf */ = {isa = PBXFileReference; lastKnownFileType = file; path = DINSchrift.ttf; sourceTree = "<group>"; };
		B56D8AEB1E7816E1000085E6 /* 华文宋体 Block.ttf */ = {isa = PBXFileReference; lastKnownFileType = file; path = "华文宋体 Block.ttf"; sourceTree = "<group>"; };
		B56D8AEC1E7816E1000085E6 /* 方正兰亭纤黑简体.TTF */ = {isa = PBXFileReference; lastKnownFileType = file; path = "方正兰亭纤黑简体.TTF"; sourceTree = "<group>"; };
		B56D8AED1E7816E1000085E6 /* 汉仪中秀体简.ttf */ = {isa = PBXFileReference; lastKnownFileType = file; path = "汉仪中秀体简.ttf"; sourceTree = "<group>"; };
		B56D8AEE1E7816E1000085E6 /* 汉仪全唐诗简.ttf */ = {isa = PBXFileReference; lastKnownFileType = file; path = "汉仪全唐诗简.ttf"; sourceTree = "<group>"; };
		B56D8AEF1E7816E1000085E6 /* 汉仪劲楷简.ttf */ = {isa = PBXFileReference; lastKnownFileType = file; path = "汉仪劲楷简.ttf"; sourceTree = "<group>"; };
		B56D8AF01E7816E1000085E6 /* 汉仪清雅体简.ttf */ = {isa = PBXFileReference; lastKnownFileType = file; path = "汉仪清雅体简.ttf"; sourceTree = "<group>"; };
		B56D8AF81E781EEA000085E6 /* ZZQMeTableViewCell.h */ = {isa = PBXFileReference; fileEncoding = 4; lastKnownFileType = sourcecode.c.h; path = ZZQMeTableViewCell.h; sourceTree = "<group>"; };
		B56D8AF91E781EEA000085E6 /* ZZQMeTableViewCell.m */ = {isa = PBXFileReference; fileEncoding = 4; lastKnownFileType = sourcecode.c.objc; path = ZZQMeTableViewCell.m; sourceTree = "<group>"; };
		B56D8AFB1E7830F5000085E6 /* ZZQMeCellButton.h */ = {isa = PBXFileReference; fileEncoding = 4; lastKnownFileType = sourcecode.c.h; path = ZZQMeCellButton.h; sourceTree = "<group>"; };
		B56D8AFC1E7830F5000085E6 /* ZZQMeCellButton.m */ = {isa = PBXFileReference; fileEncoding = 4; lastKnownFileType = sourcecode.c.objc; path = ZZQMeCellButton.m; sourceTree = "<group>"; };
		B56D8B021E7844B7000085E6 /* ZZQDoingViewController.h */ = {isa = PBXFileReference; fileEncoding = 4; lastKnownFileType = sourcecode.c.h; path = ZZQDoingViewController.h; sourceTree = "<group>"; };
		B56D8B031E7844B7000085E6 /* ZZQDoingViewController.m */ = {isa = PBXFileReference; fileEncoding = 4; lastKnownFileType = sourcecode.c.objc; path = ZZQDoingViewController.m; sourceTree = "<group>"; };
		B56D8B051E7844CD000085E6 /* ZZQNoCommentsViewController.h */ = {isa = PBXFileReference; fileEncoding = 4; lastKnownFileType = sourcecode.c.h; path = ZZQNoCommentsViewController.h; sourceTree = "<group>"; };
		B56D8B061E7844CD000085E6 /* ZZQNoCommentsViewController.m */ = {isa = PBXFileReference; fileEncoding = 4; lastKnownFileType = sourcecode.c.objc; path = ZZQNoCommentsViewController.m; sourceTree = "<group>"; };
		B56D8B081E7844DB000085E6 /* ZZQAlreadyViewController.h */ = {isa = PBXFileReference; fileEncoding = 4; lastKnownFileType = sourcecode.c.h; path = ZZQAlreadyViewController.h; sourceTree = "<group>"; };
		B56D8B091E7844DB000085E6 /* ZZQAlreadyViewController.m */ = {isa = PBXFileReference; fileEncoding = 4; lastKnownFileType = sourcecode.c.objc; path = ZZQAlreadyViewController.m; sourceTree = "<group>"; };
		B56D8B0B1E794F8F000085E6 /* ZZQEditMeViewController.h */ = {isa = PBXFileReference; fileEncoding = 4; lastKnownFileType = sourcecode.c.h; path = ZZQEditMeViewController.h; sourceTree = "<group>"; };
		B56D8B0C1E794F8F000085E6 /* ZZQEditMeViewController.m */ = {isa = PBXFileReference; fileEncoding = 4; lastKnownFileType = sourcecode.c.objc; path = ZZQEditMeViewController.m; sourceTree = "<group>"; };
		B56D8B151E7961F9000085E6 /* ZZQLoginViewController.h */ = {isa = PBXFileReference; fileEncoding = 4; lastKnownFileType = sourcecode.c.h; path = ZZQLoginViewController.h; sourceTree = "<group>"; };
		B56D8B161E7961F9000085E6 /* ZZQLoginViewController.m */ = {isa = PBXFileReference; fileEncoding = 4; lastKnownFileType = sourcecode.c.objc; path = ZZQLoginViewController.m; sourceTree = "<group>"; };
		B56D8B1B1E7965E7000085E6 /* ZZQClearCacheView.h */ = {isa = PBXFileReference; fileEncoding = 4; lastKnownFileType = sourcecode.c.h; path = ZZQClearCacheView.h; sourceTree = "<group>"; };
		B56D8B1C1E7965E7000085E6 /* ZZQClearCacheView.m */ = {isa = PBXFileReference; fileEncoding = 4; lastKnownFileType = sourcecode.c.objc; path = ZZQClearCacheView.m; sourceTree = "<group>"; };
		B56D8B201E797BEC000085E6 /* MOBFoundation.framework */ = {isa = PBXFileReference; lastKnownFileType = wrapper.framework; path = MOBFoundation.framework; sourceTree = "<group>"; };
		B56D8B211E797BEC000085E6 /* MOBFoundationEx.framework */ = {isa = PBXFileReference; lastKnownFileType = wrapper.framework; path = MOBFoundationEx.framework; sourceTree = "<group>"; };
		B56D8B221E797BEC000085E6 /* SMS_SDK.framework */ = {isa = PBXFileReference; lastKnownFileType = wrapper.framework; path = SMS_SDK.framework; sourceTree = "<group>"; };
		B56D8B261E797DD3000085E6 /* libz.tbd */ = {isa = PBXFileReference; lastKnownFileType = "sourcecode.text-based-dylib-definition"; name = libz.tbd; path = usr/lib/libz.tbd; sourceTree = SDKROOT; };
		B56D8B281E797E14000085E6 /* libicucore.tbd */ = {isa = PBXFileReference; lastKnownFileType = "sourcecode.text-based-dylib-definition"; name = libicucore.tbd; path = usr/lib/libicucore.tbd; sourceTree = SDKROOT; };
		B56D8B2A1E797E22000085E6 /* MessageUI.framework */ = {isa = PBXFileReference; lastKnownFileType = wrapper.framework; name = MessageUI.framework; path = System/Library/Frameworks/MessageUI.framework; sourceTree = SDKROOT; };
		B56D8B2C1E797E2E000085E6 /* JavaScriptCore.framework */ = {isa = PBXFileReference; lastKnownFileType = wrapper.framework; name = JavaScriptCore.framework; path = System/Library/Frameworks/JavaScriptCore.framework; sourceTree = SDKROOT; };
		B56D8B2E1E797E3C000085E6 /* libstdc++.tbd */ = {isa = PBXFileReference; lastKnownFileType = "sourcecode.text-based-dylib-definition"; name = "libstdc++.tbd"; path = "usr/lib/libstdc++.tbd"; sourceTree = SDKROOT; };
		B56D8B301E79827B000085E6 /* ZZQPwdLoginViewController.h */ = {isa = PBXFileReference; fileEncoding = 4; lastKnownFileType = sourcecode.c.h; path = ZZQPwdLoginViewController.h; sourceTree = "<group>"; };
		B56D8B311E79827B000085E6 /* ZZQPwdLoginViewController.m */ = {isa = PBXFileReference; fileEncoding = 4; lastKnownFileType = sourcecode.c.objc; path = ZZQPwdLoginViewController.m; sourceTree = "<group>"; };
		B56D8B331E7AD3CA000085E6 /* ZZQHeaderPicView.h */ = {isa = PBXFileReference; fileEncoding = 4; lastKnownFileType = sourcecode.c.h; path = ZZQHeaderPicView.h; sourceTree = "<group>"; };
		B56D8B341E7AD3CA000085E6 /* ZZQHeaderPicView.m */ = {isa = PBXFileReference; fileEncoding = 4; lastKnownFileType = sourcecode.c.objc; path = ZZQHeaderPicView.m; sourceTree = "<group>"; };
		B56D8B361E7ADE14000085E6 /* ZZQEditMeTableViewCell.h */ = {isa = PBXFileReference; fileEncoding = 4; lastKnownFileType = sourcecode.c.h; path = ZZQEditMeTableViewCell.h; sourceTree = "<group>"; };
		B56D8B371E7ADE14000085E6 /* ZZQEditMeTableViewCell.m */ = {isa = PBXFileReference; fileEncoding = 4; lastKnownFileType = sourcecode.c.objc; path = ZZQEditMeTableViewCell.m; sourceTree = "<group>"; };
		B56D8B391E814A92000085E6 /* ZZQSettingSexView.h */ = {isa = PBXFileReference; fileEncoding = 4; lastKnownFileType = sourcecode.c.h; path = ZZQSettingSexView.h; sourceTree = "<group>"; };
		B56D8B3A1E814A92000085E6 /* ZZQSettingSexView.m */ = {isa = PBXFileReference; fileEncoding = 4; lastKnownFileType = sourcecode.c.objc; path = ZZQSettingSexView.m; sourceTree = "<group>"; };
		B56D8B3C1E814C5C000085E6 /* ZZQSexBtn.h */ = {isa = PBXFileReference; fileEncoding = 4; lastKnownFileType = sourcecode.c.h; path = ZZQSexBtn.h; sourceTree = "<group>"; };
		B56D8B3D1E814C5C000085E6 /* ZZQSexBtn.m */ = {isa = PBXFileReference; fileEncoding = 4; lastKnownFileType = sourcecode.c.objc; path = ZZQSexBtn.m; sourceTree = "<group>"; };
		B57070A21E864AAB003DE3F8 /* ZZQNickNameView.h */ = {isa = PBXFileReference; fileEncoding = 4; lastKnownFileType = sourcecode.c.h; path = ZZQNickNameView.h; sourceTree = "<group>"; };
		B57070A31E864AAB003DE3F8 /* ZZQNickNameView.m */ = {isa = PBXFileReference; fileEncoding = 4; lastKnownFileType = sourcecode.c.objc; path = ZZQNickNameView.m; sourceTree = "<group>"; };
		B57070A81E865D3A003DE3F8 /* ZZQAgeGroup.h */ = {isa = PBXFileReference; fileEncoding = 4; lastKnownFileType = sourcecode.c.h; path = ZZQAgeGroup.h; sourceTree = "<group>"; };
		B57070A91E865D3A003DE3F8 /* ZZQAgeGroup.m */ = {isa = PBXFileReference; fileEncoding = 4; lastKnownFileType = sourcecode.c.objc; path = ZZQAgeGroup.m; sourceTree = "<group>"; };
		B57070AB1E866040003DE3F8 /* ZZQAgeGroupTableViewCell.h */ = {isa = PBXFileReference; fileEncoding = 4; lastKnownFileType = sourcecode.c.h; path = ZZQAgeGroupTableViewCell.h; sourceTree = "<group>"; };
		B57070AC1E866040003DE3F8 /* ZZQAgeGroupTableViewCell.m */ = {isa = PBXFileReference; fileEncoding = 4; lastKnownFileType = sourcecode.c.objc; path = ZZQAgeGroupTableViewCell.m; sourceTree = "<group>"; };
		B570724A1E9398A1003DE3F8 /* ZZQHomeHeaderView.h */ = {isa = PBXFileReference; fileEncoding = 4; lastKnownFileType = sourcecode.c.h; path = ZZQHomeHeaderView.h; sourceTree = "<group>"; };
		B570724B1E9398A1003DE3F8 /* ZZQHomeHeaderView.m */ = {isa = PBXFileReference; fileEncoding = 4; lastKnownFileType = sourcecode.c.objc; path = ZZQHomeHeaderView.m; sourceTree = "<group>"; };
		B570724D1E9398B3003DE3F8 /* ZZQHomeTableViewCell.h */ = {isa = PBXFileReference; fileEncoding = 4; lastKnownFileType = sourcecode.c.h; path = ZZQHomeTableViewCell.h; sourceTree = "<group>"; };
		B570724E1E9398B3003DE3F8 /* ZZQHomeTableViewCell.m */ = {isa = PBXFileReference; fileEncoding = 4; lastKnownFileType = sourcecode.c.objc; path = ZZQHomeTableViewCell.m; sourceTree = "<group>"; };
		B57072501E9398F9003DE3F8 /* ZZQMenu.h */ = {isa = PBXFileReference; fileEncoding = 4; lastKnownFileType = sourcecode.c.h; name = ZZQMenu.h; path = ../../../Models/ZZQMenu.h; sourceTree = "<group>"; };
		B57072511E9398F9003DE3F8 /* ZZQMenu.m */ = {isa = PBXFileReference; fileEncoding = 4; lastKnownFileType = sourcecode.c.objc; name = ZZQMenu.m; path = ../../../Models/ZZQMenu.m; sourceTree = "<group>"; };
		B57072531E93990A003DE3F8 /* ZZQHot.h */ = {isa = PBXFileReference; fileEncoding = 4; lastKnownFileType = sourcecode.c.h; path = ZZQHot.h; sourceTree = "<group>"; };
		B57072541E93990A003DE3F8 /* ZZQHot.m */ = {isa = PBXFileReference; fileEncoding = 4; lastKnownFileType = sourcecode.c.objc; path = ZZQHot.m; sourceTree = "<group>"; };
		B57072581E939B63003DE3F8 /* ProgressHUD.bundle */ = {isa = PBXFileReference; lastKnownFileType = "wrapper.plug-in"; path = ProgressHUD.bundle; sourceTree = "<group>"; };
		B57072591E939B63003DE3F8 /* ProgressHUD.h */ = {isa = PBXFileReference; fileEncoding = 4; lastKnownFileType = sourcecode.c.h; path = ProgressHUD.h; sourceTree = "<group>"; };
		B570725A1E939B63003DE3F8 /* ProgressHUD.m */ = {isa = PBXFileReference; fileEncoding = 4; lastKnownFileType = sourcecode.c.objc; path = ProgressHUD.m; sourceTree = "<group>"; };
		B570725D1E96684E003DE3F8 /* ZZQMerchant.h */ = {isa = PBXFileReference; fileEncoding = 4; lastKnownFileType = sourcecode.c.h; path = ZZQMerchant.h; sourceTree = "<group>"; };
		B570725E1E96684E003DE3F8 /* ZZQMerchant.m */ = {isa = PBXFileReference; fileEncoding = 4; lastKnownFileType = sourcecode.c.objc; path = ZZQMerchant.m; sourceTree = "<group>"; };
		B57072681E99C3B1003DE3F8 /* ZZQMerchantDetailViewController.h */ = {isa = PBXFileReference; fileEncoding = 4; lastKnownFileType = sourcecode.c.h; path = ZZQMerchantDetailViewController.h; sourceTree = "<group>"; };
		B57072691E99C3B1003DE3F8 /* ZZQMerchantDetailViewController.m */ = {isa = PBXFileReference; fileEncoding = 4; lastKnownFileType = sourcecode.c.objc; path = ZZQMerchantDetailViewController.m; sourceTree = "<group>"; };
		B570726B1E99D086003DE3F8 /* ZZQMerchantDetailTableViewCell.h */ = {isa = PBXFileReference; fileEncoding = 4; lastKnownFileType = sourcecode.c.h; path = ZZQMerchantDetailTableViewCell.h; sourceTree = "<group>"; };
		B570726C1E99D086003DE3F8 /* ZZQMerchantDetailTableViewCell.m */ = {isa = PBXFileReference; fileEncoding = 4; lastKnownFileType = sourcecode.c.objc; path = ZZQMerchantDetailTableViewCell.m; sourceTree = "<group>"; };
		B570726E1E99D702003DE3F8 /* ZZQSectionHeaderView.h */ = {isa = PBXFileReference; fileEncoding = 4; lastKnownFileType = sourcecode.c.h; path = ZZQSectionHeaderView.h; sourceTree = "<group>"; };
		B570726F1E99D702003DE3F8 /* ZZQSectionHeaderView.m */ = {isa = PBXFileReference; fileEncoding = 4; lastKnownFileType = sourcecode.c.objc; path = ZZQSectionHeaderView.m; sourceTree = "<group>"; };
		B57072711E99D711003DE3F8 /* ZZQMerchantHeaderView.h */ = {isa = PBXFileReference; fileEncoding = 4; lastKnownFileType = sourcecode.c.h; path = ZZQMerchantHeaderView.h; sourceTree = "<group>"; };
		B57072721E99D711003DE3F8 /* ZZQMerchantHeaderView.m */ = {isa = PBXFileReference; fileEncoding = 4; lastKnownFileType = sourcecode.c.objc; path = ZZQMerchantHeaderView.m; sourceTree = "<group>"; };
		B57072741E99EC51003DE3F8 /* ZZQFooterView.h */ = {isa = PBXFileReference; fileEncoding = 4; lastKnownFileType = sourcecode.c.h; path = ZZQFooterView.h; sourceTree = "<group>"; };
		B57072751E99EC51003DE3F8 /* ZZQFooterView.m */ = {isa = PBXFileReference; fileEncoding = 4; lastKnownFileType = sourcecode.c.objc; path = ZZQFooterView.m; sourceTree = "<group>"; };
		B57072771E9BCB28003DE3F8 /* ZZQComments.h */ = {isa = PBXFileReference; fileEncoding = 4; lastKnownFileType = sourcecode.c.h; path = ZZQComments.h; sourceTree = "<group>"; };
		B57072781E9BCB28003DE3F8 /* ZZQComments.m */ = {isa = PBXFileReference; fileEncoding = 4; lastKnownFileType = sourcecode.c.objc; path = ZZQComments.m; sourceTree = "<group>"; };
		B570727A1E9BD133003DE3F8 /* ZZQCommentsTableViewCell.h */ = {isa = PBXFileReference; fileEncoding = 4; lastKnownFileType = sourcecode.c.h; path = ZZQCommentsTableViewCell.h; sourceTree = "<group>"; };
		B570727B1E9BD133003DE3F8 /* ZZQCommentsTableViewCell.m */ = {isa = PBXFileReference; fileEncoding = 4; lastKnownFileType = sourcecode.c.objc; path = ZZQCommentsTableViewCell.m; sourceTree = "<group>"; };
		B570727D1E9E5ACE003DE3F8 /* ZZQFavouriteBtn.h */ = {isa = PBXFileReference; fileEncoding = 4; lastKnownFileType = sourcecode.c.h; path = ZZQFavouriteBtn.h; sourceTree = "<group>"; };
		B570727E1E9E5ACE003DE3F8 /* ZZQFavouriteBtn.m */ = {isa = PBXFileReference; fileEncoding = 4; lastKnownFileType = sourcecode.c.objc; path = ZZQFavouriteBtn.m; sourceTree = "<group>"; };
		B57072801EA35238003DE3F8 /* ZZQAddressViewController.h */ = {isa = PBXFileReference; fileEncoding = 4; lastKnownFileType = sourcecode.c.h; path = ZZQAddressViewController.h; sourceTree = "<group>"; };
		B57072811EA35238003DE3F8 /* ZZQAddressViewController.m */ = {isa = PBXFileReference; fileEncoding = 4; lastKnownFileType = sourcecode.c.objc; path = ZZQAddressViewController.m; sourceTree = "<group>"; };
		B57072831EA35253003DE3F8 /* ZZQFavouriteViewController.h */ = {isa = PBXFileReference; fileEncoding = 4; lastKnownFileType = sourcecode.c.h; path = ZZQFavouriteViewController.h; sourceTree = "<group>"; };
		B57072841EA35253003DE3F8 /* ZZQFavouriteViewController.m */ = {isa = PBXFileReference; fileEncoding = 4; lastKnownFileType = sourcecode.c.objc; path = ZZQFavouriteViewController.m; sourceTree = "<group>"; };
		B57072861EA35267003DE3F8 /* ZZQCommentViewController.h */ = {isa = PBXFileReference; fileEncoding = 4; lastKnownFileType = sourcecode.c.h; path = ZZQCommentViewController.h; sourceTree = "<group>"; };
		B57072871EA35267003DE3F8 /* ZZQCommentViewController.m */ = {isa = PBXFileReference; fileEncoding = 4; lastKnownFileType = sourcecode.c.objc; path = ZZQCommentViewController.m; sourceTree = "<group>"; };
		B57072891EA38F8F003DE3F8 /* ZZQAddressTableViewCell.h */ = {isa = PBXFileReference; fileEncoding = 4; lastKnownFileType = sourcecode.c.h; path = ZZQAddressTableViewCell.h; sourceTree = "<group>"; };
		B570728A1EA38F8F003DE3F8 /* ZZQAddressTableViewCell.m */ = {isa = PBXFileReference; fileEncoding = 4; lastKnownFileType = sourcecode.c.objc; path = ZZQAddressTableViewCell.m; sourceTree = "<group>"; };
		B570728C1EA3901A003DE3F8 /* ZZQAddress.h */ = {isa = PBXFileReference; fileEncoding = 4; lastKnownFileType = sourcecode.c.h; path = ZZQAddress.h; sourceTree = "<group>"; };
		B570728D1EA3901A003DE3F8 /* ZZQAddress.m */ = {isa = PBXFileReference; fileEncoding = 4; lastKnownFileType = sourcecode.c.objc; path = ZZQAddress.m; sourceTree = "<group>"; };
		B570728F1EA3AAFA003DE3F8 /* ZZQAddNewAddressBtnView.h */ = {isa = PBXFileReference; fileEncoding = 4; lastKnownFileType = sourcecode.c.h; path = ZZQAddNewAddressBtnView.h; sourceTree = "<group>"; };
		B57072901EA3AAFA003DE3F8 /* ZZQAddNewAddressBtnView.m */ = {isa = PBXFileReference; fileEncoding = 4; lastKnownFileType = sourcecode.c.objc; path = ZZQAddNewAddressBtnView.m; sourceTree = "<group>"; };
		B57072921EA3B1C9003DE3F8 /* ZZQAddNewAddressViewController.h */ = {isa = PBXFileReference; fileEncoding = 4; lastKnownFileType = sourcecode.c.h; path = ZZQAddNewAddressViewController.h; sourceTree = "<group>"; };
		B57072931EA3B1C9003DE3F8 /* ZZQAddNewAddressViewController.m */ = {isa = PBXFileReference; fileEncoding = 4; lastKnownFileType = sourcecode.c.objc; path = ZZQAddNewAddressViewController.m; sourceTree = "<group>"; };
		B57072951EA66586003DE3F8 /* ZZQCity.h */ = {isa = PBXFileReference; fileEncoding = 4; lastKnownFileType = sourcecode.c.h; path = ZZQCity.h; sourceTree = "<group>"; };
		B57072961EA66586003DE3F8 /* ZZQCity.m */ = {isa = PBXFileReference; fileEncoding = 4; lastKnownFileType = sourcecode.c.objc; path = ZZQCity.m; sourceTree = "<group>"; };
		B57072981EA79676003DE3F8 /* ZZQSearchTableViewCell.h */ = {isa = PBXFileReference; fileEncoding = 4; lastKnownFileType = sourcecode.c.h; path = ZZQSearchTableViewCell.h; sourceTree = "<group>"; };
		B57072991EA79676003DE3F8 /* ZZQSearchTableViewCell.m */ = {isa = PBXFileReference; fileEncoding = 4; lastKnownFileType = sourcecode.c.objc; path = ZZQSearchTableViewCell.m; sourceTree = "<group>"; };
		B58FB3201EAA2691005D3395 /* ZZQOrder.h */ = {isa = PBXFileReference; fileEncoding = 4; lastKnownFileType = sourcecode.c.h; path = ZZQOrder.h; sourceTree = "<group>"; };
		B58FB3211EAA2691005D3395 /* ZZQOrder.m */ = {isa = PBXFileReference; fileEncoding = 4; lastKnownFileType = sourcecode.c.objc; path = ZZQOrder.m; sourceTree = "<group>"; };
		B58FB3231EAE2002005D3395 /* ZZQOrders.h */ = {isa = PBXFileReference; fileEncoding = 4; lastKnownFileType = sourcecode.c.h; path = ZZQOrders.h; sourceTree = "<group>"; };
		B58FB3241EAE2002005D3395 /* ZZQOrders.m */ = {isa = PBXFileReference; fileEncoding = 4; lastKnownFileType = sourcecode.c.objc; path = ZZQOrders.m; sourceTree = "<group>"; };
		B58FB3261EAE20E5005D3395 /* ZZQOrderTemp.h */ = {isa = PBXFileReference; fileEncoding = 4; lastKnownFileType = sourcecode.c.h; path = ZZQOrderTemp.h; sourceTree = "<group>"; };
		B58FB3271EAE20E5005D3395 /* ZZQOrderTemp.m */ = {isa = PBXFileReference; fileEncoding = 4; lastKnownFileType = sourcecode.c.objc; path = ZZQOrderTemp.m; sourceTree = "<group>"; };
		B5B4FA491E6BF7DD0020D9B6 /* FItBodyUser.app */ = {isa = PBXFileReference; explicitFileType = wrapper.application; includeInIndex = 0; path = FItBodyUser.app; sourceTree = BUILT_PRODUCTS_DIR; };
		B5B4FA4D1E6BF7DD0020D9B6 /* main.m */ = {isa = PBXFileReference; lastKnownFileType = sourcecode.c.objc; path = main.m; sourceTree = "<group>"; };
		B5B4FA581E6BF7DD0020D9B6 /* Assets.xcassets */ = {isa = PBXFileReference; lastKnownFileType = folder.assetcatalog; path = Assets.xcassets; sourceTree = "<group>"; };
		B5B4FA5B1E6BF7DD0020D9B6 /* Base */ = {isa = PBXFileReference; lastKnownFileType = file.storyboard; name = Base; path = Base.lproj/LaunchScreen.storyboard; sourceTree = "<group>"; };
		B5B4FA5D1E6BF7DD0020D9B6 /* Info.plist */ = {isa = PBXFileReference; lastKnownFileType = text.plist.xml; path = Info.plist; sourceTree = "<group>"; };
		B5B4FA7A1E73FC540020D9B6 /* AppDelegate.h */ = {isa = PBXFileReference; fileEncoding = 4; lastKnownFileType = sourcecode.c.h; path = AppDelegate.h; sourceTree = "<group>"; };
		B5B4FA7B1E73FC540020D9B6 /* AppDelegate.m */ = {isa = PBXFileReference; fileEncoding = 4; lastKnownFileType = sourcecode.c.objc; path = AppDelegate.m; sourceTree = "<group>"; };
		B5B4FA811E73FCAA0020D9B6 /* ZZQPCH.pch */ = {isa = PBXFileReference; fileEncoding = 4; lastKnownFileType = sourcecode.c.h; path = ZZQPCH.pch; sourceTree = "<group>"; };
		B5B4FA821E7402BE0020D9B6 /* ZZQBaseTabBar.h */ = {isa = PBXFileReference; fileEncoding = 4; lastKnownFileType = sourcecode.c.h; path = ZZQBaseTabBar.h; sourceTree = "<group>"; };
		B5B4FA831E7402BE0020D9B6 /* ZZQBaseTabBar.m */ = {isa = PBXFileReference; fileEncoding = 4; lastKnownFileType = sourcecode.c.objc; path = ZZQBaseTabBar.m; sourceTree = "<group>"; };
		B5B4FA8C1E7407000020D9B6 /* ZZQTabBarViewController.h */ = {isa = PBXFileReference; fileEncoding = 4; lastKnownFileType = sourcecode.c.h; path = ZZQTabBarViewController.h; sourceTree = "<group>"; };
		B5B4FA8D1E7407000020D9B6 /* ZZQTabBarViewController.m */ = {isa = PBXFileReference; fileEncoding = 4; lastKnownFileType = sourcecode.c.objc; path = ZZQTabBarViewController.m; sourceTree = "<group>"; };
		B5B4FA8F1E74070F0020D9B6 /* ZZQBaseViewController.h */ = {isa = PBXFileReference; fileEncoding = 4; lastKnownFileType = sourcecode.c.h; path = ZZQBaseViewController.h; sourceTree = "<group>"; };
		B5B4FA901E74070F0020D9B6 /* ZZQBaseViewController.m */ = {isa = PBXFileReference; fileEncoding = 4; lastKnownFileType = sourcecode.c.objc; path = ZZQBaseViewController.m; sourceTree = "<group>"; };
		B5B4FA921E740BD40020D9B6 /* ZZQBaseNavViewController.h */ = {isa = PBXFileReference; fileEncoding = 4; lastKnownFileType = sourcecode.c.h; path = ZZQBaseNavViewController.h; sourceTree = "<group>"; };
		B5B4FA931E740BD40020D9B6 /* ZZQBaseNavViewController.m */ = {isa = PBXFileReference; fileEncoding = 4; lastKnownFileType = sourcecode.c.objc; path = ZZQBaseNavViewController.m; sourceTree = "<group>"; };
		B5B4FA951E74D50A0020D9B6 /* ZZQHomeViewController.h */ = {isa = PBXFileReference; fileEncoding = 4; lastKnownFileType = sourcecode.c.h; path = ZZQHomeViewController.h; sourceTree = "<group>"; };
		B5B4FA961E74D50A0020D9B6 /* ZZQHomeViewController.m */ = {isa = PBXFileReference; fileEncoding = 4; lastKnownFileType = sourcecode.c.objc; path = ZZQHomeViewController.m; sourceTree = "<group>"; };
		B5B4FA981E74D51A0020D9B6 /* ZZQMeViewController.h */ = {isa = PBXFileReference; fileEncoding = 4; lastKnownFileType = sourcecode.c.h; path = ZZQMeViewController.h; sourceTree = "<group>"; };
		B5B4FA991E74D51A0020D9B6 /* ZZQMeViewController.m */ = {isa = PBXFileReference; fileEncoding = 4; lastKnownFileType = sourcecode.c.objc; path = ZZQMeViewController.m; sourceTree = "<group>"; };
		B5B4FA9B1E74D5360020D9B6 /* ZZQOrderViewController.h */ = {isa = PBXFileReference; fileEncoding = 4; lastKnownFileType = sourcecode.c.h; path = ZZQOrderViewController.h; sourceTree = "<group>"; };
		B5B4FA9C1E74D5360020D9B6 /* ZZQOrderViewController.m */ = {isa = PBXFileReference; fileEncoding = 4; lastKnownFileType = sourcecode.c.objc; path = ZZQOrderViewController.m; sourceTree = "<group>"; };
		B9B285C9AA5078F9A9B857F3 /* libPods-FItBodyUser.a */ = {isa = PBXFileReference; explicitFileType = archive.ar; includeInIndex = 0; path = "libPods-FItBodyUser.a"; sourceTree = BUILT_PRODUCTS_DIR; };
/* End PBXFileReference section */

/* Begin PBXFrameworksBuildPhase section */
		B5B4FA461E6BF7DD0020D9B6 /* Frameworks */ = {
			isa = PBXFrameworksBuildPhase;
			buildActionMask = 2147483647;
			files = (
				B56D8B2F1E797E3C000085E6 /* libstdc++.tbd in Frameworks */,
				B56D8B2D1E797E2E000085E6 /* JavaScriptCore.framework in Frameworks */,
				B56D8B2B1E797E22000085E6 /* MessageUI.framework in Frameworks */,
				B56D8B291E797E14000085E6 /* libicucore.tbd in Frameworks */,
				B56D8B271E797DD3000085E6 /* libz.tbd in Frameworks */,
				B56D8B231E797BEC000085E6 /* MOBFoundation.framework in Frameworks */,
				B56D8B251E797BEC000085E6 /* SMS_SDK.framework in Frameworks */,
				8FD533C02720F25CA9E09D9D /* libPods-FItBodyUser.a in Frameworks */,
				B56D8B241E797BEC000085E6 /* MOBFoundationEx.framework in Frameworks */,
			);
			runOnlyForDeploymentPostprocessing = 0;
		};
/* End PBXFrameworksBuildPhase section */

/* Begin PBXGroup section */
		AAE052A31B417F8D21329C1C /* Frameworks */ = {
			isa = PBXGroup;
			children = (
				B56D8B2E1E797E3C000085E6 /* libstdc++.tbd */,
				B56D8B2C1E797E2E000085E6 /* JavaScriptCore.framework */,
				B56D8B2A1E797E22000085E6 /* MessageUI.framework */,
				B56D8B281E797E14000085E6 /* libicucore.tbd */,
				B56D8B261E797DD3000085E6 /* libz.tbd */,
				B9B285C9AA5078F9A9B857F3 /* libPods-FItBodyUser.a */,
			);
			name = Frameworks;
			sourceTree = "<group>";
		};
		B506AE441E75331C00B39731 /* Class */ = {
			isa = PBXGroup;
			children = (
				B57072641E99C395003DE3F8 /* MerchantDetail */,
				B57072601E99C395003DE3F8 /* MenuDetail */,
				B506AE451E75331C00B39731 /* Citys */,
				B506AE491E75331C00B39731 /* Search */,
			);
			path = Class;
			sourceTree = "<group>";
		};
		B506AE451E75331C00B39731 /* Citys */ = {
			isa = PBXGroup;
			children = (
				B506AE461E75331C00B39731 /* Controller */,
				B506AE471E75331C00B39731 /* Models */,
				B506AE481E75331C00B39731 /* Views */,
			);
			path = Citys;
			sourceTree = "<group>";
		};
		B506AE461E75331C00B39731 /* Controller */ = {
			isa = PBXGroup;
			children = (
				B56D8AD11E76E230000085E6 /* ZZQCitysViewController.h */,
				B56D8AD21E76E230000085E6 /* ZZQCitysViewController.m */,
			);
			path = Controller;
			sourceTree = "<group>";
		};
		B506AE471E75331C00B39731 /* Models */ = {
			isa = PBXGroup;
			children = (
				B57072951EA66586003DE3F8 /* ZZQCity.h */,
				B57072961EA66586003DE3F8 /* ZZQCity.m */,
			);
			path = Models;
			sourceTree = "<group>";
		};
		B506AE481E75331C00B39731 /* Views */ = {
			isa = PBXGroup;
			children = (
			);
			path = Views;
			sourceTree = "<group>";
		};
		B506AE491E75331C00B39731 /* Search */ = {
			isa = PBXGroup;
			children = (
				B506AE4A1E75331C00B39731 /* Controller */,
				B506AE4B1E75331C00B39731 /* Models */,
				B506AE4C1E75331C00B39731 /* Views */,
			);
			path = Search;
			sourceTree = "<group>";
		};
		B506AE4A1E75331C00B39731 /* Controller */ = {
			isa = PBXGroup;
			children = (
				B56D8AD41E76E336000085E6 /* ZZQSearchViewController.h */,
				B56D8AD51E76E336000085E6 /* ZZQSearchViewController.m */,
			);
			path = Controller;
			sourceTree = "<group>";
		};
		B506AE4B1E75331C00B39731 /* Models */ = {
			isa = PBXGroup;
			children = (
			);
			path = Models;
			sourceTree = "<group>";
		};
		B506AE4C1E75331C00B39731 /* Views */ = {
			isa = PBXGroup;
			children = (
				B57072981EA79676003DE3F8 /* ZZQSearchTableViewCell.h */,
				B57072991EA79676003DE3F8 /* ZZQSearchTableViewCell.m */,
			);
			path = Views;
			sourceTree = "<group>";
		};
		B56D8AE91E7816E1000085E6 /* fonts */ = {
			isa = PBXGroup;
			children = (
				B56D8AEA1E7816E1000085E6 /* DINSchrift.ttf */,
				B56D8AEB1E7816E1000085E6 /* 华文宋体 Block.ttf */,
				B56D8AEC1E7816E1000085E6 /* 方正兰亭纤黑简体.TTF */,
				B56D8AED1E7816E1000085E6 /* 汉仪中秀体简.ttf */,
				B56D8AEE1E7816E1000085E6 /* 汉仪全唐诗简.ttf */,
				B56D8AEF1E7816E1000085E6 /* 汉仪劲楷简.ttf */,
				B56D8AF01E7816E1000085E6 /* 汉仪清雅体简.ttf */,
			);
			path = fonts;
			sourceTree = "<group>";
		};
		B56D8AFE1E784497000085E6 /* Class */ = {
			isa = PBXGroup;
			children = (
				B56D8AFF1E784497000085E6 /* Controllers */,
				B56D8B001E784497000085E6 /* Models */,
				B56D8B011E784497000085E6 /* Views */,
			);
			path = Class;
			sourceTree = "<group>";
		};
		B56D8AFF1E784497000085E6 /* Controllers */ = {
			isa = PBXGroup;
			children = (
				B56D8B021E7844B7000085E6 /* ZZQDoingViewController.h */,
				B56D8B031E7844B7000085E6 /* ZZQDoingViewController.m */,
				B56D8B051E7844CD000085E6 /* ZZQNoCommentsViewController.h */,
				B56D8B061E7844CD000085E6 /* ZZQNoCommentsViewController.m */,
				B56D8B081E7844DB000085E6 /* ZZQAlreadyViewController.h */,
				B56D8B091E7844DB000085E6 /* ZZQAlreadyViewController.m */,
				B56D8B0B1E794F8F000085E6 /* ZZQEditMeViewController.h */,
				B56D8B0C1E794F8F000085E6 /* ZZQEditMeViewController.m */,
				B57072801EA35238003DE3F8 /* ZZQAddressViewController.h */,
				B57072811EA35238003DE3F8 /* ZZQAddressViewController.m */,
				B57072831EA35253003DE3F8 /* ZZQFavouriteViewController.h */,
				B57072841EA35253003DE3F8 /* ZZQFavouriteViewController.m */,
				B57072861EA35267003DE3F8 /* ZZQCommentViewController.h */,
				B57072871EA35267003DE3F8 /* ZZQCommentViewController.m */,
				B57072921EA3B1C9003DE3F8 /* ZZQAddNewAddressViewController.h */,
				B57072931EA3B1C9003DE3F8 /* ZZQAddNewAddressViewController.m */,
			);
			path = Controllers;
			sourceTree = "<group>";
		};
		B56D8B001E784497000085E6 /* Models */ = {
			isa = PBXGroup;
			children = (
				B570728C1EA3901A003DE3F8 /* ZZQAddress.h */,
				B570728D1EA3901A003DE3F8 /* ZZQAddress.m */,
				B58FB3201EAA2691005D3395 /* ZZQOrder.h */,
				B58FB3211EAA2691005D3395 /* ZZQOrder.m */,
			);
			path = Models;
			sourceTree = "<group>";
		};
		B56D8B011E784497000085E6 /* Views */ = {
			isa = PBXGroup;
			children = (
				B56D8B331E7AD3CA000085E6 /* ZZQHeaderPicView.h */,
				B56D8B341E7AD3CA000085E6 /* ZZQHeaderPicView.m */,
				B56D8B361E7ADE14000085E6 /* ZZQEditMeTableViewCell.h */,
				B56D8B371E7ADE14000085E6 /* ZZQEditMeTableViewCell.m */,
				B56D8B391E814A92000085E6 /* ZZQSettingSexView.h */,
				B56D8B3A1E814A92000085E6 /* ZZQSettingSexView.m */,
				B56D8B3C1E814C5C000085E6 /* ZZQSexBtn.h */,
				B56D8B3D1E814C5C000085E6 /* ZZQSexBtn.m */,
				B57070A21E864AAB003DE3F8 /* ZZQNickNameView.h */,
				B57070A31E864AAB003DE3F8 /* ZZQNickNameView.m */,
				B57070A81E865D3A003DE3F8 /* ZZQAgeGroup.h */,
				B57070A91E865D3A003DE3F8 /* ZZQAgeGroup.m */,
				B57070AB1E866040003DE3F8 /* ZZQAgeGroupTableViewCell.h */,
				B57070AC1E866040003DE3F8 /* ZZQAgeGroupTableViewCell.m */,
				B57072891EA38F8F003DE3F8 /* ZZQAddressTableViewCell.h */,
				B570728A1EA38F8F003DE3F8 /* ZZQAddressTableViewCell.m */,
				B570728F1EA3AAFA003DE3F8 /* ZZQAddNewAddressBtnView.h */,
				B57072901EA3AAFA003DE3F8 /* ZZQAddNewAddressBtnView.m */,
			);
			path = Views;
			sourceTree = "<group>";
		};
		B56D8B111E79618C000085E6 /* Login */ = {
			isa = PBXGroup;
			children = (
				B56D8B121E79618C000085E6 /* Controllers */,
				B56D8B131E79618C000085E6 /* Models */,
				B56D8B141E79618C000085E6 /* Views */,
			);
			name = Login;
			path = Me/Login;
			sourceTree = "<group>";
		};
		B56D8B121E79618C000085E6 /* Controllers */ = {
			isa = PBXGroup;
			children = (
				B56D8B151E7961F9000085E6 /* ZZQLoginViewController.h */,
				B56D8B161E7961F9000085E6 /* ZZQLoginViewController.m */,
				B56D8B301E79827B000085E6 /* ZZQPwdLoginViewController.h */,
				B56D8B311E79827B000085E6 /* ZZQPwdLoginViewController.m */,
			);
			path = Controllers;
			sourceTree = "<group>";
		};
		B56D8B131E79618C000085E6 /* Models */ = {
			isa = PBXGroup;
			children = (
			);
			path = Models;
			sourceTree = "<group>";
		};
		B56D8B141E79618C000085E6 /* Views */ = {
			isa = PBXGroup;
			children = (
			);
			path = Views;
			sourceTree = "<group>";
		};
		B56D8B1F1E797BEC000085E6 /* SMS_SDK */ = {
			isa = PBXGroup;
			children = (
				B56D8B201E797BEC000085E6 /* MOBFoundation.framework */,
				B56D8B211E797BEC000085E6 /* MOBFoundationEx.framework */,
				B56D8B221E797BEC000085E6 /* SMS_SDK.framework */,
			);
			path = SMS_SDK;
			sourceTree = "<group>";
		};
		B57072561E939B63003DE3F8 /* thirdKit */ = {
			isa = PBXGroup;
			children = (
				B57072571E939B63003DE3F8 /* ProgressHUD */,
			);
			path = thirdKit;
			sourceTree = "<group>";
		};
		B57072571E939B63003DE3F8 /* ProgressHUD */ = {
			isa = PBXGroup;
			children = (
				B57072581E939B63003DE3F8 /* ProgressHUD.bundle */,
				B57072591E939B63003DE3F8 /* ProgressHUD.h */,
				B570725A1E939B63003DE3F8 /* ProgressHUD.m */,
			);
			path = ProgressHUD;
			sourceTree = "<group>";
		};
		B57072601E99C395003DE3F8 /* MenuDetail */ = {
			isa = PBXGroup;
			children = (
				B57072611E99C395003DE3F8 /* Controllers */,
				B57072621E99C395003DE3F8 /* Models */,
				B57072631E99C395003DE3F8 /* Views */,
			);
			path = MenuDetail;
			sourceTree = "<group>";
		};
		B57072611E99C395003DE3F8 /* Controllers */ = {
			isa = PBXGroup;
			children = (
			);
			path = Controllers;
			sourceTree = "<group>";
		};
		B57072621E99C395003DE3F8 /* Models */ = {
			isa = PBXGroup;
			children = (
			);
			path = Models;
			sourceTree = "<group>";
		};
		B57072631E99C395003DE3F8 /* Views */ = {
			isa = PBXGroup;
			children = (
			);
			path = Views;
			sourceTree = "<group>";
		};
		B57072641E99C395003DE3F8 /* MerchantDetail */ = {
			isa = PBXGroup;
			children = (
				B57072651E99C395003DE3F8 /* Controllers */,
				B57072661E99C395003DE3F8 /* Models */,
				B57072671E99C395003DE3F8 /* Views */,
			);
			path = MerchantDetail;
			sourceTree = "<group>";
		};
		B57072651E99C395003DE3F8 /* Controllers */ = {
			isa = PBXGroup;
			children = (
				B57072681E99C3B1003DE3F8 /* ZZQMerchantDetailViewController.h */,
				B57072691E99C3B1003DE3F8 /* ZZQMerchantDetailViewController.m */,
			);
			path = Controllers;
			sourceTree = "<group>";
		};
		B57072661E99C395003DE3F8 /* Models */ = {
			isa = PBXGroup;
			children = (
				B57072501E9398F9003DE3F8 /* ZZQMenu.h */,
				B57072511E9398F9003DE3F8 /* ZZQMenu.m */,
				B57072771E9BCB28003DE3F8 /* ZZQComments.h */,
				B57072781E9BCB28003DE3F8 /* ZZQComments.m */,
				B58FB3231EAE2002005D3395 /* ZZQOrders.h */,
				B58FB3241EAE2002005D3395 /* ZZQOrders.m */,
				B58FB3261EAE20E5005D3395 /* ZZQOrderTemp.h */,
				B58FB3271EAE20E5005D3395 /* ZZQOrderTemp.m */,
			);
			path = Models;
			sourceTree = "<group>";
		};
		B57072671E99C395003DE3F8 /* Views */ = {
			isa = PBXGroup;
			children = (
				B570726B1E99D086003DE3F8 /* ZZQMerchantDetailTableViewCell.h */,
				B570726C1E99D086003DE3F8 /* ZZQMerchantDetailTableViewCell.m */,
				B570727A1E9BD133003DE3F8 /* ZZQCommentsTableViewCell.h */,
				B570727B1E9BD133003DE3F8 /* ZZQCommentsTableViewCell.m */,
				B570726E1E99D702003DE3F8 /* ZZQSectionHeaderView.h */,
				B570726F1E99D702003DE3F8 /* ZZQSectionHeaderView.m */,
				B57072711E99D711003DE3F8 /* ZZQMerchantHeaderView.h */,
				B57072721E99D711003DE3F8 /* ZZQMerchantHeaderView.m */,
				B57072741E99EC51003DE3F8 /* ZZQFooterView.h */,
				B57072751E99EC51003DE3F8 /* ZZQFooterView.m */,
				B570727D1E9E5ACE003DE3F8 /* ZZQFavouriteBtn.h */,
				B570727E1E9E5ACE003DE3F8 /* ZZQFavouriteBtn.m */,
			);
			path = Views;
			sourceTree = "<group>";
		};
		B5B4FA401E6BF7DD0020D9B6 = {
			isa = PBXGroup;
			children = (
				B5B4FA4B1E6BF7DD0020D9B6 /* FItBodyUser */,
				B5B4FA4A1E6BF7DD0020D9B6 /* Products */,
				BC9BFE4589B913D3F814E413 /* Pods */,
				AAE052A31B417F8D21329C1C /* Frameworks */,
			);
			sourceTree = "<group>";
		};
		B5B4FA4A1E6BF7DD0020D9B6 /* Products */ = {
			isa = PBXGroup;
			children = (
				B5B4FA491E6BF7DD0020D9B6 /* FItBodyUser.app */,
			);
			name = Products;
			sourceTree = "<group>";
		};
		B5B4FA4B1E6BF7DD0020D9B6 /* FItBodyUser */ = {
			isa = PBXGroup;
			children = (
				B5B4FA631E73FC540020D9B6 /* Base */,
				B5B4FA661E73FC540020D9B6 /* Home */,
				B5B4FA751E73FC540020D9B6 /* Order */,
				B5B4FA6A1E73FC540020D9B6 /* Me */,
				B56D8B111E79618C000085E6 /* Login */,
				B5B4FA6E1E73FC540020D9B6 /* NetWork */,
				B5B4FA791E73FC540020D9B6 /* Other */,
				B57072561E939B63003DE3F8 /* thirdKit */,
				B5B4FA581E6BF7DD0020D9B6 /* Assets.xcassets */,
				B5B4FA5D1E6BF7DD0020D9B6 /* Info.plist */,
				B5B4FA4C1E6BF7DD0020D9B6 /* Supporting Files */,
			);
			path = FItBodyUser;
			sourceTree = "<group>";
		};
		B5B4FA4C1E6BF7DD0020D9B6 /* Supporting Files */ = {
			isa = PBXGroup;
			children = (
				B56D8B1F1E797BEC000085E6 /* SMS_SDK */,
				B56D8AE91E7816E1000085E6 /* fonts */,
				B5B4FA4D1E6BF7DD0020D9B6 /* main.m */,
			);
			name = "Supporting Files";
			sourceTree = "<group>";
		};
		B5B4FA631E73FC540020D9B6 /* Base */ = {
			isa = PBXGroup;
			children = (
				B5B4FA821E7402BE0020D9B6 /* ZZQBaseTabBar.h */,
				B5B4FA831E7402BE0020D9B6 /* ZZQBaseTabBar.m */,
				B5B4FA8C1E7407000020D9B6 /* ZZQTabBarViewController.h */,
				B5B4FA8D1E7407000020D9B6 /* ZZQTabBarViewController.m */,
				B5B4FA8F1E74070F0020D9B6 /* ZZQBaseViewController.h */,
				B5B4FA901E74070F0020D9B6 /* ZZQBaseViewController.m */,
				B5B4FA921E740BD40020D9B6 /* ZZQBaseNavViewController.h */,
				B5B4FA931E740BD40020D9B6 /* ZZQBaseNavViewController.m */,
				B506AE501E75472200B39731 /* ZZQNetAlertView.h */,
				B506AE511E75472200B39731 /* ZZQNetAlertView.m */,
			);
			path = Base;
			sourceTree = "<group>";
		};
		B5B4FA661E73FC540020D9B6 /* Home */ = {
			isa = PBXGroup;
			children = (
				B5B4FA671E73FC540020D9B6 /* Controllers */,
				B5B4FA681E73FC540020D9B6 /* Models */,
				B5B4FA691E73FC540020D9B6 /* Views */,
				B506AE441E75331C00B39731 /* Class */,
			);
			path = Home;
			sourceTree = "<group>";
		};
		B5B4FA671E73FC540020D9B6 /* Controllers */ = {
			isa = PBXGroup;
			children = (
				B5B4FA951E74D50A0020D9B6 /* ZZQHomeViewController.h */,
				B5B4FA961E74D50A0020D9B6 /* ZZQHomeViewController.m */,
			);
			path = Controllers;
			sourceTree = "<group>";
		};
		B5B4FA681E73FC540020D9B6 /* Models */ = {
			isa = PBXGroup;
			children = (
				B57072531E93990A003DE3F8 /* ZZQHot.h */,
				B57072541E93990A003DE3F8 /* ZZQHot.m */,
				B570725D1E96684E003DE3F8 /* ZZQMerchant.h */,
				B570725E1E96684E003DE3F8 /* ZZQMerchant.m */,
			);
			path = Models;
			sourceTree = "<group>";
		};
		B5B4FA691E73FC540020D9B6 /* Views */ = {
			isa = PBXGroup;
			children = (
				B506AE4D1E7534C800B39731 /* ZZQCityButton.h */,
				B506AE4E1E7534C800B39731 /* ZZQCityButton.m */,
				B56D8ACB1E755B97000085E6 /* ZZQNoOnlineView.h */,
				B56D8ACC1E755B97000085E6 /* ZZQNoOnlineView.m */,
				B56D8ACE1E755BA8000085E6 /* ZZQNoNetView.h */,
				B56D8ACF1E755BA8000085E6 /* ZZQNoNetView.m */,
				B570724A1E9398A1003DE3F8 /* ZZQHomeHeaderView.h */,
				B570724B1E9398A1003DE3F8 /* ZZQHomeHeaderView.m */,
				B570724D1E9398B3003DE3F8 /* ZZQHomeTableViewCell.h */,
				B570724E1E9398B3003DE3F8 /* ZZQHomeTableViewCell.m */,
			);
			path = Views;
			sourceTree = "<group>";
		};
		B5B4FA6A1E73FC540020D9B6 /* Me */ = {
			isa = PBXGroup;
			children = (
				B5B4FA6B1E73FC540020D9B6 /* Controllers */,
				B5B4FA6C1E73FC540020D9B6 /* Models */,
				B5B4FA6D1E73FC540020D9B6 /* Views */,
				B56D8AFE1E784497000085E6 /* Class */,
			);
			path = Me;
			sourceTree = "<group>";
		};
		B5B4FA6B1E73FC540020D9B6 /* Controllers */ = {
			isa = PBXGroup;
			children = (
				B5B4FA981E74D51A0020D9B6 /* ZZQMeViewController.h */,
				B5B4FA991E74D51A0020D9B6 /* ZZQMeViewController.m */,
			);
			path = Controllers;
			sourceTree = "<group>";
		};
		B5B4FA6C1E73FC540020D9B6 /* Models */ = {
			isa = PBXGroup;
			children = (
			);
			path = Models;
			sourceTree = "<group>";
		};
		B5B4FA6D1E73FC540020D9B6 /* Views */ = {
			isa = PBXGroup;
			children = (
				B56D8AD71E78062E000085E6 /* ZZQHeaderView.h */,
				B56D8AD81E78062E000085E6 /* ZZQHeaderView.m */,
				B56D8AF81E781EEA000085E6 /* ZZQMeTableViewCell.h */,
				B56D8AF91E781EEA000085E6 /* ZZQMeTableViewCell.m */,
				B56D8AFB1E7830F5000085E6 /* ZZQMeCellButton.h */,
				B56D8AFC1E7830F5000085E6 /* ZZQMeCellButton.m */,
				B56D8B1B1E7965E7000085E6 /* ZZQClearCacheView.h */,
				B56D8B1C1E7965E7000085E6 /* ZZQClearCacheView.m */,
			);
			path = Views;
			sourceTree = "<group>";
		};
		B5B4FA6E1E73FC540020D9B6 /* NetWork */ = {
			isa = PBXGroup;
			children = (
			);
			path = NetWork;
			sourceTree = "<group>";
		};
		B5B4FA751E73FC540020D9B6 /* Order */ = {
			isa = PBXGroup;
			children = (
				B5B4FA761E73FC540020D9B6 /* Controllers */,
				B5B4FA771E73FC540020D9B6 /* Models */,
				B5B4FA781E73FC540020D9B6 /* Views */,
			);
			path = Order;
			sourceTree = "<group>";
		};
		B5B4FA761E73FC540020D9B6 /* Controllers */ = {
			isa = PBXGroup;
			children = (
				B5B4FA9B1E74D5360020D9B6 /* ZZQOrderViewController.h */,
				B5B4FA9C1E74D5360020D9B6 /* ZZQOrderViewController.m */,
			);
			path = Controllers;
			sourceTree = "<group>";
		};
		B5B4FA771E73FC540020D9B6 /* Models */ = {
			isa = PBXGroup;
			children = (
			);
			path = Models;
			sourceTree = "<group>";
		};
		B5B4FA781E73FC540020D9B6 /* Views */ = {
			isa = PBXGroup;
			children = (
			);
			path = Views;
			sourceTree = "<group>";
		};
		B5B4FA791E73FC540020D9B6 /* Other */ = {
			isa = PBXGroup;
			children = (
				B5B4FA5A1E6BF7DD0020D9B6 /* LaunchScreen.storyboard */,
				B5B4FA7A1E73FC540020D9B6 /* AppDelegate.h */,
				B5B4FA7B1E73FC540020D9B6 /* AppDelegate.m */,
				B5B4FA811E73FCAA0020D9B6 /* ZZQPCH.pch */,
			);
			path = Other;
			sourceTree = "<group>";
		};
		BC9BFE4589B913D3F814E413 /* Pods */ = {
			isa = PBXGroup;
			children = (
				56BB214572E1F85A4E0DB7D8 /* Pods-FItBodyUser.debug.xcconfig */,
				2F1F185F020DF61A801B4B71 /* Pods-FItBodyUser.release.xcconfig */,
			);
			name = Pods;
			sourceTree = "<group>";
		};
/* End PBXGroup section */

/* Begin PBXNativeTarget section */
		B5B4FA481E6BF7DD0020D9B6 /* FItBodyUser */ = {
			isa = PBXNativeTarget;
			buildConfigurationList = B5B4FA601E6BF7DD0020D9B6 /* Build configuration list for PBXNativeTarget "FItBodyUser" */;
			buildPhases = (
				5C446338FAD58C351AD94D6F /* [CP] Check Pods Manifest.lock */,
				B5B4FA451E6BF7DD0020D9B6 /* Sources */,
				B5B4FA461E6BF7DD0020D9B6 /* Frameworks */,
				1F9678CE185F0283A058B152 /* [CP] Embed Pods Frameworks */,
				B5B4FA471E6BF7DD0020D9B6 /* Resources */,
				143C649230EF93C6E55DFFA4 /* [CP] Copy Pods Resources */,
			);
			buildRules = (
			);
			dependencies = (
			);
			name = FItBodyUser;
			productName = FItBodyUser;
			productReference = B5B4FA491E6BF7DD0020D9B6 /* FItBodyUser.app */;
			productType = "com.apple.product-type.application";
		};
/* End PBXNativeTarget section */

/* Begin PBXProject section */
		B5B4FA411E6BF7DD0020D9B6 /* Project object */ = {
			isa = PBXProject;
			attributes = {
				CLASSPREFIX = ZZQ;
				LastUpgradeCheck = 0810;
				ORGANIZATIONNAME = "张增强";
				TargetAttributes = {
					B5B4FA481E6BF7DD0020D9B6 = {
						CreatedOnToolsVersion = 8.1;
						DevelopmentTeam = P28THB67HH;
						ProvisioningStyle = Automatic;
					};
				};
			};
			buildConfigurationList = B5B4FA441E6BF7DD0020D9B6 /* Build configuration list for PBXProject "FItBodyUser" */;
			compatibilityVersion = "Xcode 3.2";
			developmentRegion = English;
			hasScannedForEncodings = 0;
			knownRegions = (
				en,
				Base,
			);
			mainGroup = B5B4FA401E6BF7DD0020D9B6;
			productRefGroup = B5B4FA4A1E6BF7DD0020D9B6 /* Products */;
			projectDirPath = "";
			projectRoot = "";
			targets = (
				B5B4FA481E6BF7DD0020D9B6 /* FItBodyUser */,
			);
		};
/* End PBXProject section */

/* Begin PBXResourcesBuildPhase section */
		B5B4FA471E6BF7DD0020D9B6 /* Resources */ = {
			isa = PBXResourcesBuildPhase;
			buildActionMask = 2147483647;
			files = (
				B56D8AF71E7816E1000085E6 /* 汉仪清雅体简.ttf in Resources */,
				B56D8AF21E7816E1000085E6 /* 华文宋体 Block.ttf in Resources */,
				B56D8AF61E7816E1000085E6 /* 汉仪劲楷简.ttf in Resources */,
				B56D8AF11E7816E1000085E6 /* DINSchrift.ttf in Resources */,
				B5B4FA5C1E6BF7DD0020D9B6 /* LaunchScreen.storyboard in Resources */,
				B56D8AF31E7816E1000085E6 /* 方正兰亭纤黑简体.TTF in Resources */,
				B5B4FA591E6BF7DD0020D9B6 /* Assets.xcassets in Resources */,
				B56D8AF41E7816E1000085E6 /* 汉仪中秀体简.ttf in Resources */,
				B570725B1E939B63003DE3F8 /* ProgressHUD.bundle in Resources */,
				B56D8AF51E7816E1000085E6 /* 汉仪全唐诗简.ttf in Resources */,
			);
			runOnlyForDeploymentPostprocessing = 0;
		};
/* End PBXResourcesBuildPhase section */

/* Begin PBXShellScriptBuildPhase section */
		143C649230EF93C6E55DFFA4 /* [CP] Copy Pods Resources */ = {
			isa = PBXShellScriptBuildPhase;
			buildActionMask = 2147483647;
			files = (
			);
			inputPaths = (
			);
			name = "[CP] Copy Pods Resources";
			outputPaths = (
			);
			runOnlyForDeploymentPostprocessing = 0;
			shellPath = /bin/sh;
			shellScript = "\"${SRCROOT}/Pods/Target Support Files/Pods-FItBodyUser/Pods-FItBodyUser-resources.sh\"\n";
			showEnvVarsInLog = 0;
		};
		1F9678CE185F0283A058B152 /* [CP] Embed Pods Frameworks */ = {
			isa = PBXShellScriptBuildPhase;
			buildActionMask = 2147483647;
			files = (
			);
			inputPaths = (
			);
			name = "[CP] Embed Pods Frameworks";
			outputPaths = (
			);
			runOnlyForDeploymentPostprocessing = 0;
			shellPath = /bin/sh;
			shellScript = "\"${SRCROOT}/Pods/Target Support Files/Pods-FItBodyUser/Pods-FItBodyUser-frameworks.sh\"\n";
			showEnvVarsInLog = 0;
		};
		5C446338FAD58C351AD94D6F /* [CP] Check Pods Manifest.lock */ = {
			isa = PBXShellScriptBuildPhase;
			buildActionMask = 2147483647;
			files = (
			);
			inputPaths = (
			);
			name = "[CP] Check Pods Manifest.lock";
			outputPaths = (
			);
			runOnlyForDeploymentPostprocessing = 0;
			shellPath = /bin/sh;
			shellScript = "diff \"${PODS_ROOT}/../Podfile.lock\" \"${PODS_ROOT}/Manifest.lock\" > /dev/null\nif [ $? != 0 ] ; then\n    # print error to STDERR\n    echo \"error: The sandbox is not in sync with the Podfile.lock. Run 'pod install' or update your CocoaPods installation.\" >&2\n    exit 1\nfi\n";
			showEnvVarsInLog = 0;
		};
/* End PBXShellScriptBuildPhase section */

/* Begin PBXSourcesBuildPhase section */
		B5B4FA451E6BF7DD0020D9B6 /* Sources */ = {
			isa = PBXSourcesBuildPhase;
			buildActionMask = 2147483647;
			files = (
				B506AE4F1E7534C800B39731 /* ZZQCityButton.m in Sources */,
				B570724C1E9398A1003DE3F8 /* ZZQHomeHeaderView.m in Sources */,
				B56D8B171E7961F9000085E6 /* ZZQLoginViewController.m in Sources */,
				B56D8B0A1E7844DB000085E6 /* ZZQAlreadyViewController.m in Sources */,
				B5B4FA8E1E7407000020D9B6 /* ZZQTabBarViewController.m in Sources */,
				B56D8B1D1E7965E7000085E6 /* ZZQClearCacheView.m in Sources */,
				B5B4FA9D1E74D5360020D9B6 /* ZZQOrderViewController.m in Sources */,
				B56D8AD91E78062E000085E6 /* ZZQHeaderView.m in Sources */,
				B570728E1EA3901A003DE3F8 /* ZZQAddress.m in Sources */,
				B570728B1EA38F90003DE3F8 /* ZZQAddressTableViewCell.m in Sources */,
				B58FB3251EAE2002005D3395 /* ZZQOrders.m in Sources */,
				B570726D1E99D086003DE3F8 /* ZZQMerchantDetailTableViewCell.m in Sources */,
				B570729A1EA79676003DE3F8 /* ZZQSearchTableViewCell.m in Sources */,
				B570725C1E939B63003DE3F8 /* ProgressHUD.m in Sources */,
				B58FB3281EAE20E5005D3395 /* ZZQOrderTemp.m in Sources */,
				B57072701E99D702003DE3F8 /* ZZQSectionHeaderView.m in Sources */,
				B57072791E9BCB28003DE3F8 /* ZZQComments.m in Sources */,
				B57072971EA66586003DE3F8 /* ZZQCity.m in Sources */,
				B570727C1E9BD133003DE3F8 /* ZZQCommentsTableViewCell.m in Sources */,
				B56D8B381E7ADE14000085E6 /* ZZQEditMeTableViewCell.m in Sources */,
				B56D8AD31E76E230000085E6 /* ZZQCitysViewController.m in Sources */,
				B56D8B321E79827B000085E6 /* ZZQPwdLoginViewController.m in Sources */,
				B5B4FA941E740BD40020D9B6 /* ZZQBaseNavViewController.m in Sources */,
				B5B4FA841E7402BE0020D9B6 /* ZZQBaseTabBar.m in Sources */,
				B58FB3221EAA2691005D3395 /* ZZQOrder.m in Sources */,
				B57072821EA35238003DE3F8 /* ZZQAddressViewController.m in Sources */,
				B56D8B071E7844CD000085E6 /* ZZQNoCommentsViewController.m in Sources */,
				B5B4FA801E73FC540020D9B6 /* AppDelegate.m in Sources */,
				B56D8ACD1E755B97000085E6 /* ZZQNoOnlineView.m in Sources */,
				B56D8AD01E755BA8000085E6 /* ZZQNoNetView.m in Sources */,
				B570726A1E99C3B1003DE3F8 /* ZZQMerchantDetailViewController.m in Sources */,
				B5B4FA971E74D50A0020D9B6 /* ZZQHomeViewController.m in Sources */,
				B570725F1E96684E003DE3F8 /* ZZQMerchant.m in Sources */,
				B56D8AFD1E7830F5000085E6 /* ZZQMeCellButton.m in Sources */,
				B57070A41E864AAB003DE3F8 /* ZZQNickNameView.m in Sources */,
				B56D8AD61E76E336000085E6 /* ZZQSearchViewController.m in Sources */,
				B5B4FA911E74070F0020D9B6 /* ZZQBaseViewController.m in Sources */,
				B570724F1E9398B3003DE3F8 /* ZZQHomeTableViewCell.m in Sources */,
				B56D8B3E1E814C5C000085E6 /* ZZQSexBtn.m in Sources */,
				B57072881EA35267003DE3F8 /* ZZQCommentViewController.m in Sources */,
				B57072851EA35253003DE3F8 /* ZZQFavouriteViewController.m in Sources */,
				B56D8B3B1E814A92000085E6 /* ZZQSettingSexView.m in Sources */,
				B57072911EA3AAFA003DE3F8 /* ZZQAddNewAddressBtnView.m in Sources */,
				B57070AD1E866040003DE3F8 /* ZZQAgeGroupTableViewCell.m in Sources */,
				B56D8AFA1E781EEA000085E6 /* ZZQMeTableViewCell.m in Sources */,
				B570727F1E9E5ACE003DE3F8 /* ZZQFavouriteBtn.m in Sources */,
				B57072941EA3B1C9003DE3F8 /* ZZQAddNewAddressViewController.m in Sources */,
				B57072551E93990A003DE3F8 /* ZZQHot.m in Sources */,
				B506AE521E75472200B39731 /* ZZQNetAlertView.m in Sources */,
				B56D8B0D1E794F8F000085E6 /* ZZQEditMeViewController.m in Sources */,
				B56D8B041E7844B7000085E6 /* ZZQDoingViewController.m in Sources */,
				B57070AA1E865D3A003DE3F8 /* ZZQAgeGroup.m in Sources */,
				B5B4FA9A1E74D51A0020D9B6 /* ZZQMeViewController.m in Sources */,
				B57072761E99EC51003DE3F8 /* ZZQFooterView.m in Sources */,
				B57072521E9398F9003DE3F8 /* ZZQMenu.m in Sources */,
				B57072731E99D711003DE3F8 /* ZZQMerchantHeaderView.m in Sources */,
				B56D8B351E7AD3CA000085E6 /* ZZQHeaderPicView.m in Sources */,
				B5B4FA4E1E6BF7DD0020D9B6 /* main.m in Sources */,
			);
			runOnlyForDeploymentPostprocessing = 0;
		};
/* End PBXSourcesBuildPhase section */

/* Begin PBXVariantGroup section */
		B5B4FA5A1E6BF7DD0020D9B6 /* LaunchScreen.storyboard */ = {
			isa = PBXVariantGroup;
			children = (
				B5B4FA5B1E6BF7DD0020D9B6 /* Base */,
			);
			name = LaunchScreen.storyboard;
			path = ..;
			sourceTree = "<group>";
		};
/* End PBXVariantGroup section */

/* Begin XCBuildConfiguration section */
		B5B4FA5E1E6BF7DD0020D9B6 /* Debug */ = {
			isa = XCBuildConfiguration;
			buildSettings = {
				ALWAYS_SEARCH_USER_PATHS = NO;
				CLANG_ANALYZER_NONNULL = YES;
				CLANG_CXX_LANGUAGE_STANDARD = "gnu++0x";
				CLANG_CXX_LIBRARY = "libc++";
				CLANG_ENABLE_MODULES = YES;
				CLANG_ENABLE_OBJC_ARC = YES;
				CLANG_WARN_BOOL_CONVERSION = YES;
				CLANG_WARN_CONSTANT_CONVERSION = YES;
				CLANG_WARN_DIRECT_OBJC_ISA_USAGE = YES_ERROR;
				CLANG_WARN_DOCUMENTATION_COMMENTS = YES;
				CLANG_WARN_EMPTY_BODY = YES;
				CLANG_WARN_ENUM_CONVERSION = YES;
				CLANG_WARN_INFINITE_RECURSION = YES;
				CLANG_WARN_INT_CONVERSION = YES;
				CLANG_WARN_OBJC_ROOT_CLASS = YES_ERROR;
				CLANG_WARN_SUSPICIOUS_MOVES = YES;
				CLANG_WARN_UNREACHABLE_CODE = YES;
				CLANG_WARN__DUPLICATE_METHOD_MATCH = YES;
				"CODE_SIGN_IDENTITY[sdk=iphoneos*]" = "iPhone Developer";
				COPY_PHASE_STRIP = NO;
				DEBUG_INFORMATION_FORMAT = dwarf;
				ENABLE_STRICT_OBJC_MSGSEND = YES;
				ENABLE_TESTABILITY = YES;
				GCC_C_LANGUAGE_STANDARD = gnu99;
				GCC_DYNAMIC_NO_PIC = NO;
				GCC_NO_COMMON_BLOCKS = YES;
				GCC_OPTIMIZATION_LEVEL = 0;
				GCC_PREPROCESSOR_DEFINITIONS = (
					"DEBUG=1",
					"$(inherited)",
				);
				GCC_WARN_64_TO_32_BIT_CONVERSION = YES;
				GCC_WARN_ABOUT_RETURN_TYPE = YES_ERROR;
				GCC_WARN_UNDECLARED_SELECTOR = YES;
				GCC_WARN_UNINITIALIZED_AUTOS = YES_AGGRESSIVE;
				GCC_WARN_UNUSED_FUNCTION = YES;
				GCC_WARN_UNUSED_VARIABLE = YES;
				IPHONEOS_DEPLOYMENT_TARGET = 10.1;
				MTL_ENABLE_DEBUG_INFO = YES;
				ONLY_ACTIVE_ARCH = YES;
				SDKROOT = iphoneos;
				TARGETED_DEVICE_FAMILY = "1,2";
			};
			name = Debug;
		};
		B5B4FA5F1E6BF7DD0020D9B6 /* Release */ = {
			isa = XCBuildConfiguration;
			buildSettings = {
				ALWAYS_SEARCH_USER_PATHS = NO;
				CLANG_ANALYZER_NONNULL = YES;
				CLANG_CXX_LANGUAGE_STANDARD = "gnu++0x";
				CLANG_CXX_LIBRARY = "libc++";
				CLANG_ENABLE_MODULES = YES;
				CLANG_ENABLE_OBJC_ARC = YES;
				CLANG_WARN_BOOL_CONVERSION = YES;
				CLANG_WARN_CONSTANT_CONVERSION = YES;
				CLANG_WARN_DIRECT_OBJC_ISA_USAGE = YES_ERROR;
				CLANG_WARN_DOCUMENTATION_COMMENTS = YES;
				CLANG_WARN_EMPTY_BODY = YES;
				CLANG_WARN_ENUM_CONVERSION = YES;
				CLANG_WARN_INFINITE_RECURSION = YES;
				CLANG_WARN_INT_CONVERSION = YES;
				CLANG_WARN_OBJC_ROOT_CLASS = YES_ERROR;
				CLANG_WARN_SUSPICIOUS_MOVES = YES;
				CLANG_WARN_UNREACHABLE_CODE = YES;
				CLANG_WARN__DUPLICATE_METHOD_MATCH = YES;
				"CODE_SIGN_IDENTITY[sdk=iphoneos*]" = "iPhone Developer";
				COPY_PHASE_STRIP = NO;
				DEBUG_INFORMATION_FORMAT = "dwarf-with-dsym";
				ENABLE_NS_ASSERTIONS = NO;
				ENABLE_STRICT_OBJC_MSGSEND = YES;
				GCC_C_LANGUAGE_STANDARD = gnu99;
				GCC_NO_COMMON_BLOCKS = YES;
				GCC_WARN_64_TO_32_BIT_CONVERSION = YES;
				GCC_WARN_ABOUT_RETURN_TYPE = YES_ERROR;
				GCC_WARN_UNDECLARED_SELECTOR = YES;
				GCC_WARN_UNINITIALIZED_AUTOS = YES_AGGRESSIVE;
				GCC_WARN_UNUSED_FUNCTION = YES;
				GCC_WARN_UNUSED_VARIABLE = YES;
				IPHONEOS_DEPLOYMENT_TARGET = 10.1;
				MTL_ENABLE_DEBUG_INFO = NO;
				SDKROOT = iphoneos;
				TARGETED_DEVICE_FAMILY = "1,2";
				VALIDATE_PRODUCT = YES;
			};
			name = Release;
		};
		B5B4FA611E6BF7DD0020D9B6 /* Debug */ = {
			isa = XCBuildConfiguration;
			baseConfigurationReference = 56BB214572E1F85A4E0DB7D8 /* Pods-FItBodyUser.debug.xcconfig */;
			buildSettings = {
				ASSETCATALOG_COMPILER_APPICON_NAME = AppIcon;
				DEVELOPMENT_TEAM = P28THB67HH;
				FRAMEWORK_SEARCH_PATHS = (
					"$(inherited)",
					"$(PROJECT_DIR)/FItBodyUser/SMS_SDK",
				);
				GCC_PREFIX_HEADER = "$(SRCROOT)/FitBodyUser/Other/ZZQPCH.pch";
				INFOPLIST_FILE = FItBodyUser/Info.plist;
				LD_RUNPATH_SEARCH_PATHS = "$(inherited) @executable_path/Frameworks";
				PRODUCT_BUNDLE_IDENTIFIER = com.ben.FItBodyUser;
				PRODUCT_NAME = "$(TARGET_NAME)";
			};
			name = Debug;
		};
		B5B4FA621E6BF7DD0020D9B6 /* Release */ = {
			isa = XCBuildConfiguration;
			baseConfigurationReference = 2F1F185F020DF61A801B4B71 /* Pods-FItBodyUser.release.xcconfig */;
			buildSettings = {
				ASSETCATALOG_COMPILER_APPICON_NAME = AppIcon;
				DEVELOPMENT_TEAM = P28THB67HH;
				FRAMEWORK_SEARCH_PATHS = (
					"$(inherited)",
					"$(PROJECT_DIR)/FItBodyUser/SMS_SDK",
				);
				GCC_PREFIX_HEADER = "$(SRCROOT)/FitBodyUser/Other/ZZQPCH.pch";
				INFOPLIST_FILE = FItBodyUser/Info.plist;
				LD_RUNPATH_SEARCH_PATHS = "$(inherited) @executable_path/Frameworks";
				PRODUCT_BUNDLE_IDENTIFIER = com.ben.FItBodyUser;
				PRODUCT_NAME = "$(TARGET_NAME)";
			};
			name = Release;
		};
/* End XCBuildConfiguration section */

/* Begin XCConfigurationList section */
		B5B4FA441E6BF7DD0020D9B6 /* Build configuration list for PBXProject "FItBodyUser" */ = {
			isa = XCConfigurationList;
			buildConfigurations = (
				B5B4FA5E1E6BF7DD0020D9B6 /* Debug */,
				B5B4FA5F1E6BF7DD0020D9B6 /* Release */,
			);
			defaultConfigurationIsVisible = 0;
			defaultConfigurationName = Release;
		};
		B5B4FA601E6BF7DD0020D9B6 /* Build configuration list for PBXNativeTarget "FItBodyUser" */ = {
			isa = XCConfigurationList;
			buildConfigurations = (
				B5B4FA611E6BF7DD0020D9B6 /* Debug */,
				B5B4FA621E6BF7DD0020D9B6 /* Release */,
			);
			defaultConfigurationIsVisible = 0;
			defaultConfigurationName = Release;
		};
/* End XCConfigurationList section */
	};
	rootObject = B5B4FA411E6BF7DD0020D9B6 /* Project object */;
}
